
Microsoft Visual Studio Solution File, Format Version 12.00
# Visual Studio Version 17
VisualStudioVersion = 17.11.35431.28
MinimumVisualStudioVersion = 10.0.40219.1
Project("{FAE04EC0-301F-11D3-BF4B-00C04F79EFBC}") = "CrudWebApi", "CrudWebApi\CrudWebApi.csproj", "{9EC7DB5A-C932-4774-84A4-9A91D99D7B11}"
EndProject
Global
	GlobalSection(SolutionConfigurationPlatforms) = preSolution
		Debug|Any CPU = Debug|Any CPU
		Release|Any CPU = Release|Any CPU
	EndGlobalSection
	GlobalSection(ProjectConfigurationPlatforms) = postSolution
		{9EC7DB5A-C932-4774-84A4-9A91D99D7B11}.Debug|Any CPU.ActiveCfg = Debug|Any CPU
		{9EC7DB5A-C932-4774-84A4-9A91D99D7B11}.Debug|Any CPU.Build.0 = Debug|Any CPU
		{9EC7DB5A-C932-4774-84A4-9A91D99D7B11}.Release|Any CPU.ActiveCfg = Release|Any CPU
		{9EC7DB5A-C932-4774-84A4-9A91D99D7B11}.Release|Any CPU.Build.0 = Release|Any CPU
	EndGlobalSection
	GlobalSection(SolutionProperties) = preSolution
		HideSolutionNode = FALSE
	EndGlobalSection
	GlobalSection(ExtensibilityGlobals) = postSolution
		SolutionGuid = {787FC29F-6F99-4D94-A5B7-80002F5EAB09}
	EndGlobalSection
EndGlobal
